
Microsoft Visual Studio Solution File, Format Version 12.00
# Visual Studio Version 17
VisualStudioVersion = 17.0.32112.339
MinimumVisualStudioVersion = 10.0.40219.1
Project("{8BC9CEB8-8B4A-11D0-8D11-00A0C91BC942}") = "P3Lab1_FranciscoVilleda", "P3Lab1_FranciscoVilleda.vcxproj", "{A9BF858A-75D5-4F2E-B0AE-5986D29F03A0}"
EndProject
Global
	GlobalSection(SolutionConfigurationPlatforms) = preSolution
		Debug|x64 = Debug|x64
		Debug|x86 = Debug|x86
		Release|x64 = Release|x64
		Release|x86 = Release|x86
	EndGlobalSection
	GlobalSection(ProjectConfigurationPlatforms) = postSolution
		{A9BF858A-75D5-4F2E-B0AE-5986D29F03A0}.Debug|x64.ActiveCfg = Debug|x64
		{A9BF858A-75D5-4F2E-B0AE-5986D29F03A0}.Debug|x64.Build.0 = Debug|x64
		{A9BF858A-75D5-4F2E-B0AE-5986D29F03A0}.Debug|x86.ActiveCfg = Debug|Win32
		{A9BF858A-75D5-4F2E-B0AE-5986D29F03A0}.Debug|x86.Build.0 = Debug|Win32
		{A9BF858A-75D5-4F2E-B0AE-5986D29F03A0}.Release|x64.ActiveCfg = Release|x64
		{A9BF858A-75D5-4F2E-B0AE-5986D29F03A0}.Release|x64.Build.0 = Release|x64
		{A9BF858A-75D5-4F2E-B0AE-5986D29F03A0}.Release|x86.ActiveCfg = Release|Win32
		{A9BF858A-75D5-4F2E-B0AE-5986D29F03A0}.Release|x86.Build.0 = Release|Win32
	EndGlobalSection
	GlobalSection(SolutionProperties) = preSolution
		HideSolutionNode = FALSE
	EndGlobalSection
	GlobalSection(ExtensibilityGlobals) = postSolution
		SolutionGuid = {CF5A9BF6-63DC-45D6-96EA-BC8D5FA35613}
	EndGlobalSection
EndGlobal
